// !$*UTF8*$!
{
	archiveVersion = 1;
	classes = {
	};
	objectVersion = 50;
	objects = {

/* Begin PBXBuildFile section */
		84BC6B3D21C3B24A006D5881 /* AppDelegate.swift in Sources */ = {isa = PBXBuildFile; fileRef = 84BC6B3C21C3B24A006D5881 /* AppDelegate.swift */; };
		84BC6B3F21C3B24A006D5881 /* ViewController.swift in Sources */ = {isa = PBXBuildFile; fileRef = 84BC6B3E21C3B24A006D5881 /* ViewController.swift */; };
		84BC6B4221C3B24B006D5881 /* Main.storyboard in Resources */ = {isa = PBXBuildFile; fileRef = 84BC6B4021C3B24A006D5881 /* Main.storyboard */; };
		84BC6B4421C3B24C006D5881 /* Assets.xcassets in Resources */ = {isa = PBXBuildFile; fileRef = 84BC6B4321C3B24C006D5881 /* Assets.xcassets */; };
		84BC6B4721C3B24C006D5881 /* LaunchScreen.storyboard in Resources */ = {isa = PBXBuildFile; fileRef = 84BC6B4521C3B24C006D5881 /* LaunchScreen.storyboard */; };
		84BC6B5121C3C614006D5881 /* CustomDatePickerView.xib in Resources */ = {isa = PBXBuildFile; fileRef = 84BC6B5021C3C614006D5881 /* CustomDatePickerView.xib */; };
		84BC6B5521C3D18E006D5881 /* CustomDatePickerView.swift in Sources */ = {isa = PBXBuildFile; fileRef = 84BC6B5421C3D18E006D5881 /* CustomDatePickerView.swift */; };
/* End PBXBuildFile section */

/* Begin PBXFileReference section */
		84BC6B3921C3B24A006D5881 /* Date Picker Demo.app */ = {isa = PBXFileReference; explicitFileType = wrapper.application; includeInIndex = 0; path = "Date Picker Demo.app"; sourceTree = BUILT_PRODUCTS_DIR; };
		84BC6B3C21C3B24A006D5881 /* AppDelegate.swift */ = {isa = PBXFileReference; lastKnownFileType = sourcecode.swift; path = AppDelegate.swift; sourceTree = "<group>"; };
		84BC6B3E21C3B24A006D5881 /* ViewController.swift */ = {isa = PBXFileReference; lastKnownFileType = sourcecode.swift; path = ViewController.swift; sourceTree = "<group>"; };
		84BC6B4121C3B24A006D5881 /* Base */ = {isa = PBXFileReference; lastKnownFileType = file.storyboard; name = Base; path = Base.lproj/Main.storyboard; sourceTree = "<group>"; };
		84BC6B4321C3B24C006D5881 /* Assets.xcassets */ = {isa = PBXFileReference; lastKnownFileType = folder.assetcatalog; path = Assets.xcassets; sourceTree = "<group>"; };
		84BC6B4621C3B24C006D5881 /* Base */ = {isa = PBXFileReference; lastKnownFileType = file.storyboard; name = Base; path = Base.lproj/LaunchScreen.storyboard; sourceTree = "<group>"; };
		84BC6B4821C3B24C006D5881 /* Info.plist */ = {isa = PBXFileReference; lastKnownFileType = text.plist.xml; path = Info.plist; sourceTree = "<group>"; };
		84BC6B5021C3C614006D5881 /* CustomDatePickerView.xib */ = {isa = PBXFileReference; lastKnownFileType = file.xib; path = CustomDatePickerView.xib; sourceTree = "<group>"; };
		84BC6B5421C3D18E006D5881 /* CustomDatePickerView.swift */ = {isa = PBXFileReference; lastKnownFileType = sourcecode.swift; path = CustomDatePickerView.swift; sourceTree = "<group>"; };
/* End PBXFileReference section */

/* Begin PBXFrameworksBuildPhase section */
		84BC6B3621C3B24A006D5881 /* Frameworks */ = {
			isa = PBXFrameworksBuildPhase;
			buildActionMask = 2147483647;
			files = (
			);
			runOnlyForDeploymentPostprocessing = 0;
		};
/* End PBXFrameworksBuildPhase section */

/* Begin PBXGroup section */
		84BC6B3021C3B24A006D5881 = {
			isa = PBXGroup;
			children = (
				84BC6B3B21C3B24A006D5881 /* Date Picker Demo */,
				84BC6B3A21C3B24A006D5881 /* Products */,
			);
			sourceTree = "<group>";
		};
		84BC6B3A21C3B24A006D5881 /* Products */ = {
			isa = PBXGroup;
			children = (
				84BC6B3921C3B24A006D5881 /* Date Picker Demo.app */,
			);
			name = Products;
			sourceTree = "<group>";
		};
		84BC6B3B21C3B24A006D5881 /* Date Picker Demo */ = {
			isa = PBXGroup;
			children = (
				84BC6B3C21C3B24A006D5881 /* AppDelegate.swift */,
				84BC6B3E21C3B24A006D5881 /* ViewController.swift */,
				84BC6B4021C3B24A006D5881 /* Main.storyboard */,
				84BC6B4321C3B24C006D5881 /* Assets.xcassets */,
				84BC6B4521C3B24C006D5881 /* LaunchScreen.storyboard */,
				84BC6B4821C3B24C006D5881 /* Info.plist */,
				84BC6B5021C3C614006D5881 /* CustomDatePickerView.xib */,
				84BC6B5421C3D18E006D5881 /* CustomDatePickerView.swift */,
			);
			path = "Date Picker Demo";
			sourceTree = "<group>";
		};
/* End PBXGroup section */

/* Begin PBXNativeTarget section */
		84BC6B3821C3B24A006D5881 /* Date Picker Demo */ = {
			isa = PBXNativeTarget;
			buildConfigurationList = 84BC6B4B21C3B24C006D5881 /* Build configuration list for PBXNativeTarget "Date Picker Demo" */;
			buildPhases = (
				84BC6B3521C3B24A006D5881 /* Sources */,
				84BC6B3621C3B24A006D5881 /* Frameworks */,
				84BC6B3721C3B24A006D5881 /* Resources */,
			);
			buildRules = (
			);
			dependencies = (
			);
			name = "Date Picker Demo";
			productName = "Date Picker Demo";
			productReference = 84BC6B3921C3B24A006D5881 /* Date Picker Demo.app */;
			productType = "com.apple.product-type.application";
		};
/* End PBXNativeTarget section */

/* Begin PBXProject section */
		84BC6B3121C3B24A006D5881 /* Project object */ = {
			isa = PBXProject;
			attributes = {
				LastSwiftUpdateCheck = 1000;
				LastUpgradeCheck = 1000;
				ORGANIZATIONNAME = "Elegant Media pvt ltd";
				TargetAttributes = {
					84BC6B3821C3B24A006D5881 = {
						CreatedOnToolsVersion = 10.0;
					};
				};
			};
			buildConfigurationList = 84BC6B3421C3B24A006D5881 /* Build configuration list for PBXProject "Date Picker Demo" */;
			compatibilityVersion = "Xcode 9.3";
			developmentRegion = en;
			hasScannedForEncodings = 0;
			knownRegions = (
				en,
				Base,
			);
			mainGroup = 84BC6B3021C3B24A006D5881;
			productRefGroup = 84BC6B3A21C3B24A006D5881 /* Products */;
			projectDirPath = "";
			projectRoot = "";
			targets = (
				84BC6B3821C3B24A006D5881 /* Date Picker Demo */,
			);
		};
/* End PBXProject section */

/* Begin PBXResourcesBuildPhase section */
		84BC6B3721C3B24A006D5881 /* Resources */ = {
			isa = PBXResourcesBuildPhase;
			buildActionMask = 2147483647;
			files = (
				84BC6B4721C3B24C006D5881 /* LaunchScreen.storyboard in Resources */,
				84BC6B4421C3B24C006D5881 /* Assets.xcassets in Resources */,
				84BC6B4221C3B24B006D5881 /* Main.storyboard in Resources */,
				84BC6B5121C3C614006D5881 /* CustomDatePickerView.xib in Resources */,
			);
			runOnlyForDeploymentPostprocessing = 0;
		};
/* End PBXResourcesBuildPhase section */

/* Begin PBXSourcesBuildPhase section */
		84BC6B3521C3B24A006D5881 /* Sources */ = {
			isa = PBXSourcesBuildPhase;
			buildActionMask = 2147483647;
			files = (
				84BC6B3F21C3B24A006D5881 /* ViewController.swift in Sources */,
				84BC6B3D21C3B24A006D5881 /* AppDelegate.swift in Sources */,
				84BC6B5521C3D18E006D5881 /* CustomDatePickerView.swift in Sources */,
			);
			runOnlyForDeploymentPostprocessing = 0;
		};
/* End PBXSourcesBuildPhase section */

/* Begin PBXVariantGroup section */
		84BC6B4021C3B24A006D5881 /* Main.storyboard */ = {
			isa = PBXVariantGroup;
			children = (
				84BC6B4121C3B24A006D5881 /* Base */,
			);
			name = Main.storyboard;
			sourceTree = "<group>";
		};
		84BC6B4521C3B24C006D5881 /* LaunchScreen.storyboard */ = {
			isa = PBXVariantGroup;
			children = (
				84BC6B4621C3B24C006D5881 /* Base */,
			);
			name = LaunchScreen.storyboard;
			sourceTree = "<group>";
		};
/* End PBXVariantGroup section */

/* Begin XCBuildConfiguration section */
		84BC6B4921C3B24C006D5881 /* Debug */ = {
			isa = XCBuildConfiguration;
			buildSettings = {
				ALWAYS_SEARCH_USER_PATHS = NO;
				CLANG_ANALYZER_NONNULL = YES;
				CLANG_ANALYZER_NUMBER_OBJECT_CONVERSION = YES_AGGRESSIVE;
				CLANG_CXX_LANGUAGE_STANDARD = "gnu++14";
				CLANG_CXX_LIBRARY = "libc++";
				CLANG_ENABLE_MODULES = YES;
				CLANG_ENABLE_OBJC_ARC = YES;
				CLANG_ENABLE_OBJC_WEAK = YES;
				CLANG_WARN_BLOCK_CAPTURE_AUTORELEASING = YES;
				CLANG_WARN_BOOL_CONVERSION = YES;
				CLANG_WARN_COMMA = YES;
				CLANG_WARN_CONSTANT_CONVERSION = YES;
				CLANG_WARN_DEPRECATED_OBJC_IMPLEMENTATIONS = YES;
				CLANG_WARN_DIRECT_OBJC_ISA_USAGE = YES_ERROR;
				CLANG_WARN_DOCUMENTATION_COMMENTS = YES;
				CLANG_WARN_EMPTY_BODY = YES;
				CLANG_WARN_ENUM_CONVERSION = YES;
				CLANG_WARN_INFINITE_RECURSION = YES;
				CLANG_WARN_INT_CONVERSION = YES;
				CLANG_WARN_NON_LITERAL_NULL_CONVERSION = YES;
				CLANG_WARN_OBJC_IMPLICIT_RETAIN_SELF = YES;
				CLANG_WARN_OBJC_LITERAL_CONVERSION = YES;
				CLANG_WARN_OBJC_ROOT_CLASS = YES_ERROR;
				CLANG_WARN_RANGE_LOOP_ANALYSIS = YES;
				CLANG_WARN_STRICT_PROTOTYPES = YES;
				CLANG_WARN_SUSPICIOUS_MOVE = YES;
				CLANG_WARN_UNGUARDED_AVAILABILITY = YES_AGGRESSIVE;
				CLANG_WARN_UNREACHABLE_CODE = YES;
				CLANG_WARN__DUPLICATE_METHOD_MATCH = YES;
				CODE_SIGN_IDENTITY = "iPhone Developer";
				COPY_PHASE_STRIP = NO;
				DEBUG_INFORMATION_FORMAT = dwarf;
				ENABLE_STRICT_OBJC_MSGSEND = YES;
				ENABLE_TESTABILITY = YES;
				GCC_C_LANGUAGE_STANDARD = gnu11;
				GCC_DYNAMIC_NO_PIC = NO;
				GCC_NO_COMMON_BLOCKS = YES;
				GCC_OPTIMIZATION_LEVEL = 0;
				GCC_PREPROCESSOR_DEFINITIONS = (
					"DEBUG=1",
					"$(inherited)",
				);
				GCC_WARN_64_TO_32_BIT_CONVERSION = YES;
				GCC_WARN_ABOUT_RETURN_TYPE = YES_ERROR;
				GCC_WARN_UNDECLARED_SELECTOR = YES;
				GCC_WARN_UNINITIALIZED_AUTOS = YES_AGGRESSIVE;
				GCC_WARN_UNUSED_FUNCTION = YES;
				GCC_WARN_UNUSED_VARIABLE = YES;
				IPHONEOS_DEPLOYMENT_TARGET = 12.0;
				MTL_ENABLE_DEBUG_INFO = INCLUDE_SOURCE;
				MTL_FAST_MATH = YES;
				ONLY_ACTIVE_ARCH = YES;
				SDKROOT = iphoneos;
				SWIFT_ACTIVE_COMPILATION_CONDITIONS = DEBUG;
				SWIFT_OPTIMIZATION_LEVEL = "-Onone";
			};
			name = Debug;
		};
		84BC6B4A21C3B24C006D5881 /* Release */ = {
			isa = XCBuildConfiguration;
			buildSettings = {
				ALWAYS_SEARCH_USER_PATHS = NO;
				CLANG_ANALYZER_NONNULL = YES;
				CLANG_ANALYZER_NUMBER_OBJECT_CONVERSION = YES_AGGRESSIVE;
				CLANG_CXX_LANGUAGE_STANDARD = "gnu++14";
				CLANG_CXX_LIBRARY = "libc++";
				CLANG_ENABLE_MODULES = YES;
				CLANG_ENABLE_OBJC_ARC = YES;
				CLANG_ENABLE_OBJC_WEAK = YES;
				CLANG_WARN_BLOCK_CAPTURE_AUTORELEASING = YES;
				CLANG_WARN_BOOL_CONVERSION = YES;
				CLANG_WARN_COMMA = YES;
				CLANG_WARN_CONSTANT_CONVERSION = YES;
				CLANG_WARN_DEPRECATED_OBJC_IMPLEMENTATIONS = YES;
				CLANG_WARN_DIRECT_OBJC_ISA_USAGE = YES_ERROR;
				CLANG_WARN_DOCUMENTATION_COMMENTS = YES;
				CLANG_WARN_EMPTY_BODY = YES;
				CLANG_WARN_ENUM_CONVERSION = YES;
				CLANG_WARN_INFINITE_RECURSION = YES;
				CLANG_WARN_INT_CONVERSION = YES;
				CLANG_WARN_NON_LITERAL_NULL_CONVERSION = YES;
				CLANG_WARN_OBJC_IMPLICIT_RETAIN_SELF = YES;
				CLANG_WARN_OBJC_LITERAL_CONVERSION = YES;
				CLANG_WARN_OBJC_ROOT_CLASS = YES_ERROR;
				CLANG_WARN_RANGE_LOOP_ANALYSIS = YES;
				CLANG_WARN_STRICT_PROTOTYPES = YES;
				CLANG_WARN_SUSPICIOUS_MOVE = YES;
				CLANG_WARN_UNGUARDED_AVAILABILITY = YES_AGGRESSIVE;
				CLANG_WARN_UNREACHABLE_CODE = YES;
				CLANG_WARN__DUPLICATE_METHOD_MATCH = YES;
				CODE_SIGN_IDENTITY = "iPhone Developer";
				COPY_PHASE_STRIP = NO;
				DEBUG_INFORMATION_FORMAT = "dwarf-with-dsym";
				ENABLE_NS_ASSERTIONS = NO;
				ENABLE_STRICT_OBJC_MSGSEND = YES;
				GCC_C_LANGUAGE_STANDARD = gnu11;
				GCC_NO_COMMON_BLOCKS = YES;
				GCC_WARN_64_TO_32_BIT_CONVERSION = YES;
				GCC_WARN_ABOUT_RETURN_TYPE = YES_ERROR;
				GCC_WARN_UNDECLARED_SELECTOR = YES;
				GCC_WARN_UNINITIALIZED_AUTOS = YES_AGGRESSIVE;
				GCC_WARN_UNUSED_FUNCTION = YES;
				GCC_WARN_UNUSED_VARIABLE = YES;
				IPHONEOS_DEPLOYMENT_TARGET = 12.0;
				MTL_ENABLE_DEBUG_INFO = NO;
				MTL_FAST_MATH = YES;
				SDKROOT = iphoneos;
				SWIFT_COMPILATION_MODE = wholemodule;
				SWIFT_OPTIMIZATION_LEVEL = "-O";
				VALIDATE_PRODUCT = YES;
			};
			name = Release;
		};
		84BC6B4C21C3B24C006D5881 /* Debug */ = {
			isa = XCBuildConfiguration;
			buildSettings = {
				ASSETCATALOG_COMPILER_APPICON_NAME = AppIcon;
				CODE_SIGN_STYLE = Automatic;
				DEVELOPMENT_TEAM = 9584XYR28J;
				INFOPLIST_FILE = "Date Picker Demo/Info.plist";
				IPHONEOS_DEPLOYMENT_TARGET = 11.0;
				LD_RUNPATH_SEARCH_PATHS = (
					"$(inherited)",
					"@executable_path/Frameworks",
				);
				PRODUCT_BUNDLE_IDENTIFIER = "com.em.Date-Picker-Demo";
				PRODUCT_NAME = "$(TARGET_NAME)";
				SWIFT_VERSION = 4.2;
				TARGETED_DEVICE_FAMILY = 1;
			};
			name = Debug;
		};
		84BC6B4D21C3B24C006D5881 /* Release */ = {
			isa = XCBuildConfiguration;
			buildSettings = {
				ASSETCATALOG_COMPILER_APPICON_NAME = AppIcon;
				CODE_SIGN_STYLE = Automatic;
				DEVELOPMENT_TEAM = 9584XYR28J;
				INFOPLIST_FILE = "Date Picker Demo/Info.plist";
				IPHONEOS_DEPLOYMENT_TARGET = 11.0;
				LD_RUNPATH_SEARCH_PATHS = (
					"$(inherited)",
					"@executable_path/Frameworks",
				);
				PRODUCT_BUNDLE_IDENTIFIER = "com.em.Date-Picker-Demo";
				PRODUCT_NAME = "$(TARGET_NAME)";
				SWIFT_VERSION = 4.2;
				TARGETED_DEVICE_FAMILY = 1;
			};
			name = Release;
		};
/* End XCBuildConfiguration section */

/* Begin XCConfigurationList section */
		84BC6B3421C3B24A006D5881 /* Build configuration list for PBXProject "Date Picker Demo" */ = {
			isa = XCConfigurationList;
			buildConfigurations = (
				84BC6B4921C3B24C006D5881 /* Debug */,
				84BC6B4A21C3B24C006D5881 /* Release */,
			);
			defaultConfigurationIsVisible = 0;
			defaultConfigurationName = Release;
		};
		84BC6B4B21C3B24C006D5881 /* Build configuration list for PBXNativeTarget "Date Picker Demo" */ = {
			isa = XCConfigurationList;
			buildConfigurations = (
				84BC6B4C21C3B24C006D5881 /* Debug */,
				84BC6B4D21C3B24C006D5881 /* Release */,
			);
			defaultConfigurationIsVisible = 0;
			defaultConfigurationName = Release;
		};
/* End XCConfigurationList section */
	};
	rootObject = 84BC6B3121C3B24A006D5881 /* Project object */;
}
