// !$*UTF8*$!
{
	archiveVersion = 1;
	classes = {
	};
	objectVersion = 50;
	objects = {

/* Begin PBXBuildFile section */
		3293A55C278D40A0F5012FD3 /* Pods_TableViewWithRX.framework in Frameworks */ = {isa = PBXBuildFile; fileRef = 1B5ECBB4CFB22D487BA94EF2 /* Pods_TableViewWithRX.framework */; };
		84FF1AC221F992E0008104E9 /* AppDelegate.swift in Sources */ = {isa = PBXBuildFile; fileRef = 84FF1AC121F992E0008104E9 /* AppDelegate.swift */; };
		84FF1AC421F992E0008104E9 /* ViewController.swift in Sources */ = {isa = PBXBuildFile; fileRef = 84FF1AC321F992E0008104E9 /* ViewController.swift */; };
		84FF1AC721F992E0008104E9 /* Main.storyboard in Resources */ = {isa = PBXBuildFile; fileRef = 84FF1AC521F992E0008104E9 /* Main.storyboard */; };
		84FF1AC921F992E2008104E9 /* Assets.xcassets in Resources */ = {isa = PBXBuildFile; fileRef = 84FF1AC821F992E2008104E9 /* Assets.xcassets */; };
		84FF1ACC21F992E2008104E9 /* LaunchScreen.storyboard in Resources */ = {isa = PBXBuildFile; fileRef = 84FF1ACA21F992E2008104E9 /* LaunchScreen.storyboard */; };
		84FF1AD421F993AA008104E9 /* NamesCVCell.swift in Sources */ = {isa = PBXBuildFile; fileRef = 84FF1AD321F993AA008104E9 /* NamesCVCell.swift */; };
		84FF1AD621F994C8008104E9 /* ViewControllerVM.swift in Sources */ = {isa = PBXBuildFile; fileRef = 84FF1AD521F994C8008104E9 /* ViewControllerVM.swift */; };
/* End PBXBuildFile section */

/* Begin PBXFileReference section */
		18629EBCAC1A65EED17CE91F /* Pods-TableViewWithRX.debug.xcconfig */ = {isa = PBXFileReference; includeInIndex = 1; lastKnownFileType = text.xcconfig; name = "Pods-TableViewWithRX.debug.xcconfig"; path = "Pods/Target Support Files/Pods-TableViewWithRX/Pods-TableViewWithRX.debug.xcconfig"; sourceTree = "<group>"; };
		1B5ECBB4CFB22D487BA94EF2 /* Pods_TableViewWithRX.framework */ = {isa = PBXFileReference; explicitFileType = wrapper.framework; includeInIndex = 0; path = Pods_TableViewWithRX.framework; sourceTree = BUILT_PRODUCTS_DIR; };
		702B976E85594ED02AC31C0A /* Pods-TableViewWithRX.release.xcconfig */ = {isa = PBXFileReference; includeInIndex = 1; lastKnownFileType = text.xcconfig; name = "Pods-TableViewWithRX.release.xcconfig"; path = "Pods/Target Support Files/Pods-TableViewWithRX/Pods-TableViewWithRX.release.xcconfig"; sourceTree = "<group>"; };
		84FF1ABE21F992E0008104E9 /* TableViewWithRX.app */ = {isa = PBXFileReference; explicitFileType = wrapper.application; includeInIndex = 0; path = TableViewWithRX.app; sourceTree = BUILT_PRODUCTS_DIR; };
		84FF1AC121F992E0008104E9 /* AppDelegate.swift */ = {isa = PBXFileReference; lastKnownFileType = sourcecode.swift; path = AppDelegate.swift; sourceTree = "<group>"; };
		84FF1AC321F992E0008104E9 /* ViewController.swift */ = {isa = PBXFileReference; lastKnownFileType = sourcecode.swift; path = ViewController.swift; sourceTree = "<group>"; };
		84FF1AC621F992E0008104E9 /* Base */ = {isa = PBXFileReference; lastKnownFileType = file.storyboard; name = Base; path = Base.lproj/Main.storyboard; sourceTree = "<group>"; };
		84FF1AC821F992E2008104E9 /* Assets.xcassets */ = {isa = PBXFileReference; lastKnownFileType = folder.assetcatalog; path = Assets.xcassets; sourceTree = "<group>"; };
		84FF1ACB21F992E2008104E9 /* Base */ = {isa = PBXFileReference; lastKnownFileType = file.storyboard; name = Base; path = Base.lproj/LaunchScreen.storyboard; sourceTree = "<group>"; };
		84FF1ACD21F992E2008104E9 /* Info.plist */ = {isa = PBXFileReference; lastKnownFileType = text.plist.xml; path = Info.plist; sourceTree = "<group>"; };
		84FF1AD321F993AA008104E9 /* NamesCVCell.swift */ = {isa = PBXFileReference; lastKnownFileType = sourcecode.swift; path = NamesCVCell.swift; sourceTree = "<group>"; };
		84FF1AD521F994C8008104E9 /* ViewControllerVM.swift */ = {isa = PBXFileReference; lastKnownFileType = sourcecode.swift; path = ViewControllerVM.swift; sourceTree = "<group>"; };
/* End PBXFileReference section */

/* Begin PBXFrameworksBuildPhase section */
		84FF1ABB21F992E0008104E9 /* Frameworks */ = {
			isa = PBXFrameworksBuildPhase;
			buildActionMask = 2147483647;
			files = (
				3293A55C278D40A0F5012FD3 /* Pods_TableViewWithRX.framework in Frameworks */,
			);
			runOnlyForDeploymentPostprocessing = 0;
		};
/* End PBXFrameworksBuildPhase section */

/* Begin PBXGroup section */
		3EB9CA11CAF3F791BD587108 /* Frameworks */ = {
			isa = PBXGroup;
			children = (
				1B5ECBB4CFB22D487BA94EF2 /* Pods_TableViewWithRX.framework */,
			);
			name = Frameworks;
			sourceTree = "<group>";
		};
		84FF1AB521F992E0008104E9 = {
			isa = PBXGroup;
			children = (
				84FF1AC021F992E0008104E9 /* TableViewWithRX */,
				84FF1ABF21F992E0008104E9 /* Products */,
				A8FEDE8F9912DC0813F94BC6 /* Pods */,
				3EB9CA11CAF3F791BD587108 /* Frameworks */,
			);
			sourceTree = "<group>";
		};
		84FF1ABF21F992E0008104E9 /* Products */ = {
			isa = PBXGroup;
			children = (
				84FF1ABE21F992E0008104E9 /* TableViewWithRX.app */,
			);
			name = Products;
			sourceTree = "<group>";
		};
		84FF1AC021F992E0008104E9 /* TableViewWithRX */ = {
			isa = PBXGroup;
			children = (
				84FF1AC121F992E0008104E9 /* AppDelegate.swift */,
				84FF1AC321F992E0008104E9 /* ViewController.swift */,
				84FF1AD321F993AA008104E9 /* NamesCVCell.swift */,
				84FF1AC521F992E0008104E9 /* Main.storyboard */,
				84FF1AC821F992E2008104E9 /* Assets.xcassets */,
				84FF1ACA21F992E2008104E9 /* LaunchScreen.storyboard */,
				84FF1ACD21F992E2008104E9 /* Info.plist */,
				84FF1AD521F994C8008104E9 /* ViewControllerVM.swift */,
			);
			path = TableViewWithRX;
			sourceTree = "<group>";
		};
		A8FEDE8F9912DC0813F94BC6 /* Pods */ = {
			isa = PBXGroup;
			children = (
				18629EBCAC1A65EED17CE91F /* Pods-TableViewWithRX.debug.xcconfig */,
				702B976E85594ED02AC31C0A /* Pods-TableViewWithRX.release.xcconfig */,
			);
			name = Pods;
			sourceTree = "<group>";
		};
/* End PBXGroup section */

/* Begin PBXNativeTarget section */
		84FF1ABD21F992E0008104E9 /* TableViewWithRX */ = {
			isa = PBXNativeTarget;
			buildConfigurationList = 84FF1AD021F992E2008104E9 /* Build configuration list for PBXNativeTarget "TableViewWithRX" */;
			buildPhases = (
				FF13278685D50180E25D31A9 /* [CP] Check Pods Manifest.lock */,
				84FF1ABA21F992E0008104E9 /* Sources */,
				84FF1ABB21F992E0008104E9 /* Frameworks */,
				84FF1ABC21F992E0008104E9 /* Resources */,
				46434FA83F8518C4F2E4FDA8 /* [CP] Embed Pods Frameworks */,
			);
			buildRules = (
			);
			dependencies = (
			);
			name = TableViewWithRX;
			productName = TableViewWithRX;
			productReference = 84FF1ABE21F992E0008104E9 /* TableViewWithRX.app */;
			productType = "com.apple.product-type.application";
		};
/* End PBXNativeTarget section */

/* Begin PBXProject section */
		84FF1AB621F992E0008104E9 /* Project object */ = {
			isa = PBXProject;
			attributes = {
				LastSwiftUpdateCheck = 1010;
				LastUpgradeCheck = 1010;
				ORGANIZATIONNAME = "Elegant Media pvt ltd";
				TargetAttributes = {
					84FF1ABD21F992E0008104E9 = {
						CreatedOnToolsVersion = 10.1;
					};
				};
			};
			buildConfigurationList = 84FF1AB921F992E0008104E9 /* Build configuration list for PBXProject "TableViewWithRX" */;
			compatibilityVersion = "Xcode 9.3";
			developmentRegion = en;
			hasScannedForEncodings = 0;
			knownRegions = (
				en,
				Base,
			);
			mainGroup = 84FF1AB521F992E0008104E9;
			productRefGroup = 84FF1ABF21F992E0008104E9 /* Products */;
			projectDirPath = "";
			projectRoot = "";
			targets = (
				84FF1ABD21F992E0008104E9 /* TableViewWithRX */,
			);
		};
/* End PBXProject section */

/* Begin PBXResourcesBuildPhase section */
		84FF1ABC21F992E0008104E9 /* Resources */ = {
			isa = PBXResourcesBuildPhase;
			buildActionMask = 2147483647;
			files = (
				84FF1ACC21F992E2008104E9 /* LaunchScreen.storyboard in Resources */,
				84FF1AC921F992E2008104E9 /* Assets.xcassets in Resources */,
				84FF1AC721F992E0008104E9 /* Main.storyboard in Resources */,
			);
			runOnlyForDeploymentPostprocessing = 0;
		};
/* End PBXResourcesBuildPhase section */

/* Begin PBXShellScriptBuildPhase section */
		46434FA83F8518C4F2E4FDA8 /* [CP] Embed Pods Frameworks */ = {
			isa = PBXShellScriptBuildPhase;
			buildActionMask = 2147483647;
			files = (
			);
			inputFileListPaths = (
			);
			inputPaths = (
				"${SRCROOT}/Pods/Target Support Files/Pods-TableViewWithRX/Pods-TableViewWithRX-frameworks.sh",
				"${BUILT_PRODUCTS_DIR}/Alamofire/Alamofire.framework",
				"${BUILT_PRODUCTS_DIR}/Moya/Moya.framework",
				"${BUILT_PRODUCTS_DIR}/PKHUD/PKHUD.framework",
				"${BUILT_PRODUCTS_DIR}/PromiseKit/PromiseKit.framework",
				"${BUILT_PRODUCTS_DIR}/Result/Result.framework",
				"${BUILT_PRODUCTS_DIR}/RxAtomic/RxAtomic.framework",
				"${BUILT_PRODUCTS_DIR}/RxCocoa/RxCocoa.framework",
				"${BUILT_PRODUCTS_DIR}/RxSwift/RxSwift.framework",
				"${BUILT_PRODUCTS_DIR}/SwiftyJSON/SwiftyJSON.framework",
			);
			name = "[CP] Embed Pods Frameworks";
			outputFileListPaths = (
			);
			outputPaths = (
				"${TARGET_BUILD_DIR}/${FRAMEWORKS_FOLDER_PATH}/Alamofire.framework",
				"${TARGET_BUILD_DIR}/${FRAMEWORKS_FOLDER_PATH}/Moya.framework",
				"${TARGET_BUILD_DIR}/${FRAMEWORKS_FOLDER_PATH}/PKHUD.framework",
				"${TARGET_BUILD_DIR}/${FRAMEWORKS_FOLDER_PATH}/PromiseKit.framework",
				"${TARGET_BUILD_DIR}/${FRAMEWORKS_FOLDER_PATH}/Result.framework",
				"${TARGET_BUILD_DIR}/${FRAMEWORKS_FOLDER_PATH}/RxAtomic.framework",
				"${TARGET_BUILD_DIR}/${FRAMEWORKS_FOLDER_PATH}/RxCocoa.framework",
				"${TARGET_BUILD_DIR}/${FRAMEWORKS_FOLDER_PATH}/RxSwift.framework",
				"${TARGET_BUILD_DIR}/${FRAMEWORKS_FOLDER_PATH}/SwiftyJSON.framework",
			);
			runOnlyForDeploymentPostprocessing = 0;
			shellPath = /bin/sh;
			shellScript = "\"${SRCROOT}/Pods/Target Support Files/Pods-TableViewWithRX/Pods-TableViewWithRX-frameworks.sh\"\n";
			showEnvVarsInLog = 0;
		};
		FF13278685D50180E25D31A9 /* [CP] Check Pods Manifest.lock */ = {
			isa = PBXShellScriptBuildPhase;
			buildActionMask = 2147483647;
			files = (
			);
			inputFileListPaths = (
			);
			inputPaths = (
				"${PODS_PODFILE_DIR_PATH}/Podfile.lock",
				"${PODS_ROOT}/Manifest.lock",
			);
			name = "[CP] Check Pods Manifest.lock";
			outputFileListPaths = (
			);
			outputPaths = (
				"$(DERIVED_FILE_DIR)/Pods-TableViewWithRX-checkManifestLockResult.txt",
			);
			runOnlyForDeploymentPostprocessing = 0;
			shellPath = /bin/sh;
			shellScript = "diff \"${PODS_PODFILE_DIR_PATH}/Podfile.lock\" \"${PODS_ROOT}/Manifest.lock\" > /dev/null\nif [ $? != 0 ] ; then\n    # print error to STDERR\n    echo \"error: The sandbox is not in sync with the Podfile.lock. Run 'pod install' or update your CocoaPods installation.\" >&2\n    exit 1\nfi\n# This output is used by Xcode 'outputs' to avoid re-running this script phase.\necho \"SUCCESS\" > \"${SCRIPT_OUTPUT_FILE_0}\"\n";
			showEnvVarsInLog = 0;
		};
/* End PBXShellScriptBuildPhase section */

/* Begin PBXSourcesBuildPhase section */
		84FF1ABA21F992E0008104E9 /* Sources */ = {
			isa = PBXSourcesBuildPhase;
			buildActionMask = 2147483647;
			files = (
				84FF1AC421F992E0008104E9 /* ViewController.swift in Sources */,
				84FF1AD421F993AA008104E9 /* NamesCVCell.swift in Sources */,
				84FF1AC221F992E0008104E9 /* AppDelegate.swift in Sources */,
				84FF1AD621F994C8008104E9 /* ViewControllerVM.swift in Sources */,
			);
			runOnlyForDeploymentPostprocessing = 0;
		};
/* End PBXSourcesBuildPhase section */

/* Begin PBXVariantGroup section */
		84FF1AC521F992E0008104E9 /* Main.storyboard */ = {
			isa = PBXVariantGroup;
			children = (
				84FF1AC621F992E0008104E9 /* Base */,
			);
			name = Main.storyboard;
			sourceTree = "<group>";
		};
		84FF1ACA21F992E2008104E9 /* LaunchScreen.storyboard */ = {
			isa = PBXVariantGroup;
			children = (
				84FF1ACB21F992E2008104E9 /* Base */,
			);
			name = LaunchScreen.storyboard;
			sourceTree = "<group>";
		};
/* End PBXVariantGroup section */

/* Begin XCBuildConfiguration section */
		84FF1ACE21F992E2008104E9 /* Debug */ = {
			isa = XCBuildConfiguration;
			buildSettings = {
				ALWAYS_SEARCH_USER_PATHS = NO;
				CLANG_ANALYZER_NONNULL = YES;
				CLANG_ANALYZER_NUMBER_OBJECT_CONVERSION = YES_AGGRESSIVE;
				CLANG_CXX_LANGUAGE_STANDARD = "gnu++14";
				CLANG_CXX_LIBRARY = "libc++";
				CLANG_ENABLE_MODULES = YES;
				CLANG_ENABLE_OBJC_ARC = YES;
				CLANG_ENABLE_OBJC_WEAK = YES;
				CLANG_WARN_BLOCK_CAPTURE_AUTORELEASING = YES;
				CLANG_WARN_BOOL_CONVERSION = YES;
				CLANG_WARN_COMMA = YES;
				CLANG_WARN_CONSTANT_CONVERSION = YES;
				CLANG_WARN_DEPRECATED_OBJC_IMPLEMENTATIONS = YES;
				CLANG_WARN_DIRECT_OBJC_ISA_USAGE = YES_ERROR;
				CLANG_WARN_DOCUMENTATION_COMMENTS = YES;
				CLANG_WARN_EMPTY_BODY = YES;
				CLANG_WARN_ENUM_CONVERSION = YES;
				CLANG_WARN_INFINITE_RECURSION = YES;
				CLANG_WARN_INT_CONVERSION = YES;
				CLANG_WARN_NON_LITERAL_NULL_CONVERSION = YES;
				CLANG_WARN_OBJC_IMPLICIT_RETAIN_SELF = YES;
				CLANG_WARN_OBJC_LITERAL_CONVERSION = YES;
				CLANG_WARN_OBJC_ROOT_CLASS = YES_ERROR;
				CLANG_WARN_RANGE_LOOP_ANALYSIS = YES;
				CLANG_WARN_STRICT_PROTOTYPES = YES;
				CLANG_WARN_SUSPICIOUS_MOVE = YES;
				CLANG_WARN_UNGUARDED_AVAILABILITY = YES_AGGRESSIVE;
				CLANG_WARN_UNREACHABLE_CODE = YES;
				CLANG_WARN__DUPLICATE_METHOD_MATCH = YES;
				CODE_SIGN_IDENTITY = "iPhone Developer";
				COPY_PHASE_STRIP = NO;
				DEBUG_INFORMATION_FORMAT = dwarf;
				ENABLE_STRICT_OBJC_MSGSEND = YES;
				ENABLE_TESTABILITY = YES;
				GCC_C_LANGUAGE_STANDARD = gnu11;
				GCC_DYNAMIC_NO_PIC = NO;
				GCC_NO_COMMON_BLOCKS = YES;
				GCC_OPTIMIZATION_LEVEL = 0;
				GCC_PREPROCESSOR_DEFINITIONS = (
					"DEBUG=1",
					"$(inherited)",
				);
				GCC_WARN_64_TO_32_BIT_CONVERSION = YES;
				GCC_WARN_ABOUT_RETURN_TYPE = YES_ERROR;
				GCC_WARN_UNDECLARED_SELECTOR = YES;
				GCC_WARN_UNINITIALIZED_AUTOS = YES_AGGRESSIVE;
				GCC_WARN_UNUSED_FUNCTION = YES;
				GCC_WARN_UNUSED_VARIABLE = YES;
				IPHONEOS_DEPLOYMENT_TARGET = 12.1;
				MTL_ENABLE_DEBUG_INFO = INCLUDE_SOURCE;
				MTL_FAST_MATH = YES;
				ONLY_ACTIVE_ARCH = YES;
				SDKROOT = iphoneos;
				SWIFT_ACTIVE_COMPILATION_CONDITIONS = DEBUG;
				SWIFT_OPTIMIZATION_LEVEL = "-Onone";
			};
			name = Debug;
		};
		84FF1ACF21F992E2008104E9 /* Release */ = {
			isa = XCBuildConfiguration;
			buildSettings = {
				ALWAYS_SEARCH_USER_PATHS = NO;
				CLANG_ANALYZER_NONNULL = YES;
				CLANG_ANALYZER_NUMBER_OBJECT_CONVERSION = YES_AGGRESSIVE;
				CLANG_CXX_LANGUAGE_STANDARD = "gnu++14";
				CLANG_CXX_LIBRARY = "libc++";
				CLANG_ENABLE_MODULES = YES;
				CLANG_ENABLE_OBJC_ARC = YES;
				CLANG_ENABLE_OBJC_WEAK = YES;
				CLANG_WARN_BLOCK_CAPTURE_AUTORELEASING = YES;
				CLANG_WARN_BOOL_CONVERSION = YES;
				CLANG_WARN_COMMA = YES;
				CLANG_WARN_CONSTANT_CONVERSION = YES;
				CLANG_WARN_DEPRECATED_OBJC_IMPLEMENTATIONS = YES;
				CLANG_WARN_DIRECT_OBJC_ISA_USAGE = YES_ERROR;
				CLANG_WARN_DOCUMENTATION_COMMENTS = YES;
				CLANG_WARN_EMPTY_BODY = YES;
				CLANG_WARN_ENUM_CONVERSION = YES;
				CLANG_WARN_INFINITE_RECURSION = YES;
				CLANG_WARN_INT_CONVERSION = YES;
				CLANG_WARN_NON_LITERAL_NULL_CONVERSION = YES;
				CLANG_WARN_OBJC_IMPLICIT_RETAIN_SELF = YES;
				CLANG_WARN_OBJC_LITERAL_CONVERSION = YES;
				CLANG_WARN_OBJC_ROOT_CLASS = YES_ERROR;
				CLANG_WARN_RANGE_LOOP_ANALYSIS = YES;
				CLANG_WARN_STRICT_PROTOTYPES = YES;
				CLANG_WARN_SUSPICIOUS_MOVE = YES;
				CLANG_WARN_UNGUARDED_AVAILABILITY = YES_AGGRESSIVE;
				CLANG_WARN_UNREACHABLE_CODE = YES;
				CLANG_WARN__DUPLICATE_METHOD_MATCH = YES;
				CODE_SIGN_IDENTITY = "iPhone Developer";
				COPY_PHASE_STRIP = NO;
				DEBUG_INFORMATION_FORMAT = "dwarf-with-dsym";
				ENABLE_NS_ASSERTIONS = NO;
				ENABLE_STRICT_OBJC_MSGSEND = YES;
				GCC_C_LANGUAGE_STANDARD = gnu11;
				GCC_NO_COMMON_BLOCKS = YES;
				GCC_WARN_64_TO_32_BIT_CONVERSION = YES;
				GCC_WARN_ABOUT_RETURN_TYPE = YES_ERROR;
				GCC_WARN_UNDECLARED_SELECTOR = YES;
				GCC_WARN_UNINITIALIZED_AUTOS = YES_AGGRESSIVE;
				GCC_WARN_UNUSED_FUNCTION = YES;
				GCC_WARN_UNUSED_VARIABLE = YES;
				IPHONEOS_DEPLOYMENT_TARGET = 12.1;
				MTL_ENABLE_DEBUG_INFO = NO;
				MTL_FAST_MATH = YES;
				SDKROOT = iphoneos;
				SWIFT_COMPILATION_MODE = wholemodule;
				SWIFT_OPTIMIZATION_LEVEL = "-O";
				VALIDATE_PRODUCT = YES;
			};
			name = Release;
		};
		84FF1AD121F992E2008104E9 /* Debug */ = {
			isa = XCBuildConfiguration;
			baseConfigurationReference = 18629EBCAC1A65EED17CE91F /* Pods-TableViewWithRX.debug.xcconfig */;
			buildSettings = {
				ASSETCATALOG_COMPILER_APPICON_NAME = AppIcon;
				CODE_SIGN_STYLE = Automatic;
				DEVELOPMENT_TEAM = 9584XYR28J;
				INFOPLIST_FILE = TableViewWithRX/Info.plist;
				LD_RUNPATH_SEARCH_PATHS = (
					"$(inherited)",
					"@executable_path/Frameworks",
				);
				PRODUCT_BUNDLE_IDENTIFIER = com.em.TableViewWithRX;
				PRODUCT_NAME = "$(TARGET_NAME)";
				SWIFT_VERSION = 4.2;
				TARGETED_DEVICE_FAMILY = "1,2";
			};
			name = Debug;
		};
		84FF1AD221F992E2008104E9 /* Release */ = {
			isa = XCBuildConfiguration;
			baseConfigurationReference = 702B976E85594ED02AC31C0A /* Pods-TableViewWithRX.release.xcconfig */;
			buildSettings = {
				ASSETCATALOG_COMPILER_APPICON_NAME = AppIcon;
				CODE_SIGN_STYLE = Automatic;
				DEVELOPMENT_TEAM = 9584XYR28J;
				INFOPLIST_FILE = TableViewWithRX/Info.plist;
				LD_RUNPATH_SEARCH_PATHS = (
					"$(inherited)",
					"@executable_path/Frameworks",
				);
				PRODUCT_BUNDLE_IDENTIFIER = com.em.TableViewWithRX;
				PRODUCT_NAME = "$(TARGET_NAME)";
				SWIFT_VERSION = 4.2;
				TARGETED_DEVICE_FAMILY = "1,2";
			};
			name = Release;
		};
/* End XCBuildConfiguration section */

/* Begin XCConfigurationList section */
		84FF1AB921F992E0008104E9 /* Build configuration list for PBXProject "TableViewWithRX" */ = {
			isa = XCConfigurationList;
			buildConfigurations = (
				84FF1ACE21F992E2008104E9 /* Debug */,
				84FF1ACF21F992E2008104E9 /* Release */,
			);
			defaultConfigurationIsVisible = 0;
			defaultConfigurationName = Release;
		};
		84FF1AD021F992E2008104E9 /* Build configuration list for PBXNativeTarget "TableViewWithRX" */ = {
			isa = XCConfigurationList;
			buildConfigurations = (
				84FF1AD121F992E2008104E9 /* Debug */,
				84FF1AD221F992E2008104E9 /* Release */,
			);
			defaultConfigurationIsVisible = 0;
			defaultConfigurationName = Release;
		};
/* End XCConfigurationList section */
	};
	rootObject = 84FF1AB621F992E0008104E9 /* Project object */;
}
